<?xml version="1.0" encoding="utf-8"?>
<Project ToolsVersion="4.0" xmlns="http://schemas.microsoft.com/developer/msbuild/2003">
  <ItemGroup>
    <Filter Include="Source Files">
      <UniqueIdentifier>{4FC737F1-C7A5-4376-A066-2A32D752A2FF}</UniqueIdentifier>
      <Extensions>cpp;c;cc;cxx;c++;cppm;ixx;def;odl;idl;hpj;bat;asm;asmx</Extensions>
    </Filter>
    <Filter Include="Header Files">
      <UniqueIdentifier>{93995380-89BD-4b04-88EB-625FBE52EBFB}</UniqueIdentifier>
      <Extensions>h;hh;hpp;hxx;h++;hm;inl;inc;ipp;xsd</Extensions>
    </Filter>
    <Filter Include="Resource Files">
      <UniqueIdentifier>{67DA6AB6-F800-4c08-8B7A-83BB121AAD01}</UniqueIdentifier>
      <Extensions>rc;ico;cur;bmp;dlg;rc2;rct;bin;rgs;gif;jpg;jpeg;jpe;resx;tiff;tif;png;wav;mfcribbon-ms</Extensions>
    </Filter>
  </ItemGroup>
  <ItemGroup>
    <ClCompile Include="ProjetS2.cpp">
      <Filter>Source Files</Filter>
    </ClCompile>
    <ClCompile Include="Communication\ComSerialMaster.cpp">
      <Filter>Source Files</Filter>
    </ClCompile>
    <ClCompile Include="Data\DataFile.cpp">
      <Filter>Source Files</Filter>
    </ClCompile>
    <ClCompile Include="GameDomain\Entities\Entity.cpp">
      <Filter>Source Files</Filter>
    </ClCompile>
    <ClCompile Include="GameDomain\Entities\Fish.cpp">
      <Filter>Source Files</Filter>
    </ClCompile>
    <ClCompile Include="GameDomain\Entities\Player.cpp">
      <Filter>Source Files</Filter>
    </ClCompile>
    <ClCompile Include="GameDomain\Map\Environment.cpp">
      <Filter>Source Files</Filter>
    </ClCompile>
    <ClCompile Include="GameDomain\Map\Map.cpp">
      <Filter>Source Files</Filter>
    </ClCompile>
    <ClCompile Include="GameDomain\FishingRun.cpp">
      <Filter>Source Files</Filter>
    </ClCompile>
    <ClCompile Include="GameDomain\FishingSession.cpp">
      <Filter>Source Files</Filter>
    </ClCompile>
    <ClCompile Include="GameDomain\Watershed.cpp">
      <Filter>Source Files</Filter>
    </ClCompile>
    <ClCompile Include="Input\InputArduino.cpp">
      <Filter>Source Files</Filter>
    </ClCompile>
    <ClCompile Include="Input\InputConsole.cpp">
      <Filter>Source Files</Filter>
    </ClCompile>
    <ClCompile Include="Rng\RngClassic.cpp">
      <Filter>Source Files</Filter>
    </ClCompile>
    <ClCompile Include="Rng\RngMuons.cpp">
      <Filter>Source Files</Filter>
    </ClCompile>
    <ClCompile Include="UI\Console\DisplayConsole.cpp">
      <Filter>Source Files</Filter>
    </ClCompile>
  </ItemGroup>
  <ItemGroup>
    <ClInclude Include="Communication\ComSerialMaster.hpp">
      <Filter>Header Files</Filter>
    </ClInclude>
    <ClInclude Include="Data\DataFile.hpp">
      <Filter>Header Files</Filter>
    </ClInclude>
    <ClInclude Include="Data\IData.hpp">
      <Filter>Header Files</Filter>
    </ClInclude>
    <ClInclude Include="GameDomain\Entities\Entity.hpp">
      <Filter>Header Files</Filter>
    </ClInclude>
    <ClInclude Include="GameDomain\Entities\Fish.hpp">
      <Filter>Header Files</Filter>
    </ClInclude>
    <ClInclude Include="GameDomain\Entities\Player.hpp">
      <Filter>Header Files</Filter>
    </ClInclude>
    <ClInclude Include="GameDomain\Map\Environment.hpp">
      <Filter>Header Files</Filter>
    </ClInclude>
    <ClInclude Include="GameDomain\Map\Map.hpp">
      <Filter>Header Files</Filter>
    </ClInclude>
    <ClInclude Include="GameDomain\FishingRun.hpp">
      <Filter>Header Files</Filter>
    </ClInclude>
    <ClInclude Include="GameDomain\FishingSession.hpp">
      <Filter>Header Files</Filter>
    </ClInclude>
    <ClInclude Include="GameDomain\Watershed.hpp">
      <Filter>Header Files</Filter>
    </ClInclude>
    <ClInclude Include="Input\IInput.hpp">
      <Filter>Header Files</Filter>
    </ClInclude>
    <ClInclude Include="Input\InputArduino.hpp">
      <Filter>Header Files</Filter>
    </ClInclude>
    <ClInclude Include="Input\InputConsole.hpp">
      <Filter>Header Files</Filter>
    </ClInclude>
    <ClInclude Include="Rng\IRng.hpp">
      <Filter>Header Files</Filter>
    </ClInclude>
    <ClInclude Include="Rng\RngClassic.hpp">
      <Filter>Header Files</Filter>
    </ClInclude>
    <ClInclude Include="Rng\RngMuons.hpp">
      <Filter>Header Files</Filter>
    </ClInclude>
    <ClInclude Include="Types\CaptureStep.hpp">
      <Filter>Header Files</Filter>
    </ClInclude>
    <ClInclude Include="Types\Direction.hpp">
      <Filter>Header Files</Filter>
    </ClInclude>
    <ClInclude Include="Types\InputAction.hpp">
      <Filter>Header Files</Filter>
    </ClInclude>
    <ClInclude Include="Types\Position.hpp">
      <Filter>Header Files</Filter>
    </ClInclude>
    <ClInclude Include="UI\Console\DisplayConsole.hpp">
      <Filter>Header Files</Filter>
    </ClInclude>
  </ItemGroup>
</Project>